// !$*UTF8*$!
{
	archiveVersion = 1;
	classes = {
	};
	objectVersion = 46;
	objects = {

/* Begin PBXBuildFile section */
		64493DDC15197ED800A64AA6 /* SAPIError.m in Sources */ = {isa = PBXBuildFile; fileRef = 64493DDB15197ED800A64AA6 /* SAPIError.m */; };
		64493DE31519843A00A64AA6 /* SAPI.m in Sources */ = {isa = PBXBuildFile; fileRef = 64493DE21519843A00A64AA6 /* SAPI.m */; };
		64493DE6151985E100A64AA6 /* SAPIEndpoint.m in Sources */ = {isa = PBXBuildFile; fileRef = 64493DE5151985E100A64AA6 /* SAPIEndpoint.m */; };
		64493DE9151985F900A64AA6 /* SAPISearch.m in Sources */ = {isa = PBXBuildFile; fileRef = 64493DE8151985F900A64AA6 /* SAPISearch.m */; };
		64493DEC1519871400A64AA6 /* SAPIResult.m in Sources */ = {isa = PBXBuildFile; fileRef = 64493DEB1519871400A64AA6 /* SAPIResult.m */; };
		644940AB151AFAB200A64AA6 /* AFHTTPClient.m in Sources */ = {isa = PBXBuildFile; fileRef = 64494050151AFAB200A64AA6 /* AFHTTPClient.m */; };
		644940AC151AFAB200A64AA6 /* AFHTTPRequestOperation.m in Sources */ = {isa = PBXBuildFile; fileRef = 64494052151AFAB200A64AA6 /* AFHTTPRequestOperation.m */; };
		644940AD151AFAB200A64AA6 /* AFImageRequestOperation.m in Sources */ = {isa = PBXBuildFile; fileRef = 64494054151AFAB200A64AA6 /* AFImageRequestOperation.m */; };
		644940AE151AFAB200A64AA6 /* AFJSONRequestOperation.m in Sources */ = {isa = PBXBuildFile; fileRef = 64494056151AFAB200A64AA6 /* AFJSONRequestOperation.m */; };
		644940AF151AFAB200A64AA6 /* AFJSONUtilities.m in Sources */ = {isa = PBXBuildFile; fileRef = 64494058151AFAB200A64AA6 /* AFJSONUtilities.m */; };
		644940B0151AFAB200A64AA6 /* AFNetworkActivityIndicatorManager.m in Sources */ = {isa = PBXBuildFile; fileRef = 6449405A151AFAB200A64AA6 /* AFNetworkActivityIndicatorManager.m */; };
		644940B1151AFAB200A64AA6 /* AFPropertyListRequestOperation.m in Sources */ = {isa = PBXBuildFile; fileRef = 6449405D151AFAB200A64AA6 /* AFPropertyListRequestOperation.m */; };
		644940B2151AFAB200A64AA6 /* AFURLConnectionOperation.m in Sources */ = {isa = PBXBuildFile; fileRef = 6449405F151AFAB200A64AA6 /* AFURLConnectionOperation.m */; };
		644940B3151AFAB200A64AA6 /* AFXMLRequestOperation.m in Sources */ = {isa = PBXBuildFile; fileRef = 64494061151AFAB200A64AA6 /* AFXMLRequestOperation.m */; };
		644940B4151AFAB200A64AA6 /* UIImageView+AFNetworking.m in Sources */ = {isa = PBXBuildFile; fileRef = 64494063151AFAB200A64AA6 /* UIImageView+AFNetworking.m */; };
		644940D4151AFAB200A64AA6 /* JSONKit.m in Sources */ = {isa = PBXBuildFile; fileRef = 644940A9151AFAB200A64AA6 /* JSONKit.m */; };
		645EFD3A151B1F4900D50EDE /* Sensis_SAPI_GetByListingIdTests.m in Sources */ = {isa = PBXBuildFile; fileRef = 645EFD38151B1F2F00D50EDE /* Sensis_SAPI_GetByListingIdTests.m */; };
		645EFD3D151B20E800D50EDE /* SAPIGetByListingId.m in Sources */ = {isa = PBXBuildFile; fileRef = 645EFD3C151B20E800D50EDE /* SAPIGetByListingId.m */; };
		645EFD4B151B28D800D50EDE /* SAPISearchResult.m in Sources */ = {isa = PBXBuildFile; fileRef = 645EFD4A151B28D800D50EDE /* SAPISearchResult.m */; };
		645EFD4E151B2DBB00D50EDE /* SAPIMetadata.m in Sources */ = {isa = PBXBuildFile; fileRef = 645EFD4D151B2DBB00D50EDE /* SAPIMetadata.m */; };
		645EFD55151B2F4000D50EDE /* SAPIMetadataResult.m in Sources */ = {isa = PBXBuildFile; fileRef = 645EFD54151B2F4000D50EDE /* SAPIMetadataResult.m */; };
		645EFD59151B32CA00D50EDE /* Sensis_SAPI_MetadataTests.m in Sources */ = {isa = PBXBuildFile; fileRef = 645EFD57151B318A00D50EDE /* Sensis_SAPI_MetadataTests.m */; };
		645EFD5C151B353000D50EDE /* SAPIReport.m in Sources */ = {isa = PBXBuildFile; fileRef = 645EFD5B151B353000D50EDE /* SAPIReport.m */; };
		645EFD5F151B354200D50EDE /* SAPIReportResult.m in Sources */ = {isa = PBXBuildFile; fileRef = 645EFD5E151B354200D50EDE /* SAPIReportResult.m */; };
		645EFD63151B3ABD00D50EDE /* Sensis_SAPI_ReportTests.m in Sources */ = {isa = PBXBuildFile; fileRef = 645EFD61151B3A4F00D50EDE /* Sensis_SAPI_ReportTests.m */; };
		645EFD90151BEAD300D50EDE /* LICENSE.txt in Resources */ = {isa = PBXBuildFile; fileRef = 645EFD7D151BEAD300D50EDE /* LICENSE.txt */; };
		645EFD91151BEAD300D50EDE /* README.textile in Resources */ = {isa = PBXBuildFile; fileRef = 645EFD7E151BEAD300D50EDE /* README.textile */; };
		645EFD92151BEAD300D50EDE /* SVProgressHUD.bundle in Resources */ = {isa = PBXBuildFile; fileRef = 645EFD80151BEAD300D50EDE /* SVProgressHUD.bundle */; };
		645EFD93151BEAD300D50EDE /* SVProgressHUD.m in Sources */ = {isa = PBXBuildFile; fileRef = 645EFD82151BEAD300D50EDE /* SVProgressHUD.m */; };
		645EFD9C151BEDA100D50EDE /* SAPISearchResultTableViewController.m in Sources */ = {isa = PBXBuildFile; fileRef = 645EFD9A151BEDA100D50EDE /* SAPISearchResultTableViewController.m */; };
		645EFD9D151BEDA100D50EDE /* SAPISearchResultTableViewController.xib in Resources */ = {isa = PBXBuildFile; fileRef = 645EFD9B151BEDA100D50EDE /* SAPISearchResultTableViewController.xib */; };
		645EFDA1151BF37900D50EDE /* SAPISearchDetailListingViewController.m in Sources */ = {isa = PBXBuildFile; fileRef = 645EFD9F151BF37900D50EDE /* SAPISearchDetailListingViewController.m */; };
		645EFDA2151BF37900D50EDE /* SAPISearchDetailListingViewController.xib in Resources */ = {isa = PBXBuildFile; fileRef = 645EFDA0151BF37900D50EDE /* SAPISearchDetailListingViewController.xib */; };
		645EFDA6151BF91800D50EDE /* SAPIMetadataViewController.m in Sources */ = {isa = PBXBuildFile; fileRef = 645EFDA4151BF91800D50EDE /* SAPIMetadataViewController.m */; };
		645EFDA7151BF91800D50EDE /* SAPIMetadataViewController.xib in Resources */ = {isa = PBXBuildFile; fileRef = 645EFDA5151BF91800D50EDE /* SAPIMetadataViewController.xib */; };
		64A70DB6151AE076005859E4 /* SAPIISO8601DateFormatter.m in Sources */ = {isa = PBXBuildFile; fileRef = 64A70DB5151AE076005859E4 /* SAPIISO8601DateFormatter.m */; };
		64A70DB7151AE076005859E4 /* SAPIISO8601DateFormatter.m in Sources */ = {isa = PBXBuildFile; fileRef = 64A70DB5151AE076005859E4 /* SAPIISO8601DateFormatter.m */; };
		64AB066B151977F0009C66A8 /* UIKit.framework in Frameworks */ = {isa = PBXBuildFile; fileRef = 64AB066A151977F0009C66A8 /* UIKit.framework */; };
		64AB066D151977F0009C66A8 /* Foundation.framework in Frameworks */ = {isa = PBXBuildFile; fileRef = 64AB066C151977F0009C66A8 /* Foundation.framework */; };
		64AB066F151977F0009C66A8 /* CoreGraphics.framework in Frameworks */ = {isa = PBXBuildFile; fileRef = 64AB066E151977F0009C66A8 /* CoreGraphics.framework */; };
		64AB0675151977F0009C66A8 /* InfoPlist.strings in Resources */ = {isa = PBXBuildFile; fileRef = 64AB0673151977F0009C66A8 /* InfoPlist.strings */; };
		64AB0677151977F0009C66A8 /* main.m in Sources */ = {isa = PBXBuildFile; fileRef = 64AB0676151977F0009C66A8 /* main.m */; };
		64AB067B151977F0009C66A8 /* SAPIAppDelegate.m in Sources */ = {isa = PBXBuildFile; fileRef = 64AB067A151977F0009C66A8 /* SAPIAppDelegate.m */; };
		64AB067E151977F0009C66A8 /* SAPIMasterViewController.m in Sources */ = {isa = PBXBuildFile; fileRef = 64AB067D151977F0009C66A8 /* SAPIMasterViewController.m */; };
		64AB0684151977F0009C66A8 /* SAPIMasterViewController.xib in Resources */ = {isa = PBXBuildFile; fileRef = 64AB0682151977F0009C66A8 /* SAPIMasterViewController.xib */; };
		64AB068F151977F0009C66A8 /* SenTestingKit.framework in Frameworks */ = {isa = PBXBuildFile; fileRef = 64AB068E151977F0009C66A8 /* SenTestingKit.framework */; };
		64AB0690151977F0009C66A8 /* UIKit.framework in Frameworks */ = {isa = PBXBuildFile; fileRef = 64AB066A151977F0009C66A8 /* UIKit.framework */; };
		64AB0691151977F0009C66A8 /* Foundation.framework in Frameworks */ = {isa = PBXBuildFile; fileRef = 64AB066C151977F0009C66A8 /* Foundation.framework */; };
		64AB0699151977F0009C66A8 /* InfoPlist.strings in Resources */ = {isa = PBXBuildFile; fileRef = 64AB0697151977F0009C66A8 /* InfoPlist.strings */; };
		64AB069C151977F0009C66A8 /* Sensis_SAPI_SearchTests.m in Sources */ = {isa = PBXBuildFile; fileRef = 64AB069B151977F0009C66A8 /* Sensis_SAPI_SearchTests.m */; };
		64AB06AE15197B33009C66A8 /* SAPISearchViewController.m in Sources */ = {isa = PBXBuildFile; fileRef = 64AB06AC15197B33009C66A8 /* SAPISearchViewController.m */; };
		64AB06AF15197B33009C66A8 /* SAPISearchViewController.xib in Resources */ = {isa = PBXBuildFile; fileRef = 64AB06AD15197B33009C66A8 /* SAPISearchViewController.xib */; };
/* End PBXBuildFile section */

/* Begin PBXContainerItemProxy section */
		64AB0692151977F0009C66A8 /* PBXContainerItemProxy */ = {
			isa = PBXContainerItemProxy;
			containerPortal = 64AB065D151977F0009C66A8 /* Project object */;
			proxyType = 1;
			remoteGlobalIDString = 64AB0665151977F0009C66A8;
			remoteInfo = "Sensis SAPI";
		};
/* End PBXContainerItemProxy section */

/* Begin PBXFileReference section */
		64493DDA15197ED800A64AA6 /* SAPIError.h */ = {isa = PBXFileReference; fileEncoding = 4; lastKnownFileType = sourcecode.c.h; path = SAPIError.h; sourceTree = "<group>"; };
		64493DDB15197ED800A64AA6 /* SAPIError.m */ = {isa = PBXFileReference; fileEncoding = 4; lastKnownFileType = sourcecode.c.objc; path = SAPIError.m; sourceTree = "<group>"; };
		64493DE11519843A00A64AA6 /* SAPI.h */ = {isa = PBXFileReference; fileEncoding = 4; lastKnownFileType = sourcecode.c.h; path = SAPI.h; sourceTree = "<group>"; };
		64493DE21519843A00A64AA6 /* SAPI.m */ = {isa = PBXFileReference; fileEncoding = 4; lastKnownFileType = sourcecode.c.objc; path = SAPI.m; sourceTree = "<group>"; };
		64493DE4151985E100A64AA6 /* SAPIEndpoint.h */ = {isa = PBXFileReference; fileEncoding = 4; lastKnownFileType = sourcecode.c.h; path = SAPIEndpoint.h; sourceTree = "<group>"; };
		64493DE5151985E100A64AA6 /* SAPIEndpoint.m */ = {isa = PBXFileReference; fileEncoding = 4; lastKnownFileType = sourcecode.c.objc; path = SAPIEndpoint.m; sourceTree = "<group>"; };
		64493DE7151985F900A64AA6 /* SAPISearch.h */ = {isa = PBXFileReference; fileEncoding = 4; lastKnownFileType = sourcecode.c.h; path = SAPISearch.h; sourceTree = "<group>"; };
		64493DE8151985F900A64AA6 /* SAPISearch.m */ = {isa = PBXFileReference; fileEncoding = 4; lastKnownFileType = sourcecode.c.objc; path = SAPISearch.m; sourceTree = "<group>"; };
		64493DEA1519871400A64AA6 /* SAPIResult.h */ = {isa = PBXFileReference; fileEncoding = 4; lastKnownFileType = sourcecode.c.h; path = SAPIResult.h; sourceTree = "<group>"; };
		64493DEB1519871400A64AA6 /* SAPIResult.m */ = {isa = PBXFileReference; fileEncoding = 4; lastKnownFileType = sourcecode.c.objc; path = SAPIResult.m; sourceTree = "<group>"; };
		644940381519A07D00A64AA6 /* SAPITestAccountKey.h */ = {isa = PBXFileReference; fileEncoding = 4; lastKnownFileType = sourcecode.c.h; path = SAPITestAccountKey.h; sourceTree = "<group>"; };
		64494041151AAEDD00A64AA6 /* SAPIPrivate.h */ = {isa = PBXFileReference; fileEncoding = 4; lastKnownFileType = sourcecode.c.h; path = SAPIPrivate.h; sourceTree = "<group>"; };
		6449404F151AFAB200A64AA6 /* AFHTTPClient.h */ = {isa = PBXFileReference; fileEncoding = 4; lastKnownFileType = sourcecode.c.h; path = AFHTTPClient.h; sourceTree = "<group>"; };
		64494050151AFAB200A64AA6 /* AFHTTPClient.m */ = {isa = PBXFileReference; fileEncoding = 4; lastKnownFileType = sourcecode.c.objc; path = AFHTTPClient.m; sourceTree = "<group>"; };
		64494051151AFAB200A64AA6 /* AFHTTPRequestOperation.h */ = {isa = PBXFileReference; fileEncoding = 4; lastKnownFileType = sourcecode.c.h; path = AFHTTPRequestOperation.h; sourceTree = "<group>"; };
		64494052151AFAB200A64AA6 /* AFHTTPRequestOperation.m */ = {isa = PBXFileReference; fileEncoding = 4; lastKnownFileType = sourcecode.c.objc; path = AFHTTPRequestOperation.m; sourceTree = "<group>"; };
		64494053151AFAB200A64AA6 /* AFImageRequestOperation.h */ = {isa = PBXFileReference; fileEncoding = 4; lastKnownFileType = sourcecode.c.h; path = AFImageRequestOperation.h; sourceTree = "<group>"; };
		64494054151AFAB200A64AA6 /* AFImageRequestOperation.m */ = {isa = PBXFileReference; fileEncoding = 4; lastKnownFileType = sourcecode.c.objc; path = AFImageRequestOperation.m; sourceTree = "<group>"; };
		64494055151AFAB200A64AA6 /* AFJSONRequestOperation.h */ = {isa = PBXFileReference; fileEncoding = 4; lastKnownFileType = sourcecode.c.h; path = AFJSONRequestOperation.h; sourceTree = "<group>"; };
		64494056151AFAB200A64AA6 /* AFJSONRequestOperation.m */ = {isa = PBXFileReference; fileEncoding = 4; lastKnownFileType = sourcecode.c.objc; path = AFJSONRequestOperation.m; sourceTree = "<group>"; };
		64494057151AFAB200A64AA6 /* AFJSONUtilities.h */ = {isa = PBXFileReference; fileEncoding = 4; lastKnownFileType = sourcecode.c.h; path = AFJSONUtilities.h; sourceTree = "<group>"; };
		64494058151AFAB200A64AA6 /* AFJSONUtilities.m */ = {isa = PBXFileReference; fileEncoding = 4; lastKnownFileType = sourcecode.c.objc; path = AFJSONUtilities.m; sourceTree = "<group>"; };
		64494059151AFAB200A64AA6 /* AFNetworkActivityIndicatorManager.h */ = {isa = PBXFileReference; fileEncoding = 4; lastKnownFileType = sourcecode.c.h; path = AFNetworkActivityIndicatorManager.h; sourceTree = "<group>"; };
		6449405A151AFAB200A64AA6 /* AFNetworkActivityIndicatorManager.m */ = {isa = PBXFileReference; fileEncoding = 4; lastKnownFileType = sourcecode.c.objc; path = AFNetworkActivityIndicatorManager.m; sourceTree = "<group>"; };
		6449405B151AFAB200A64AA6 /* AFNetworking.h */ = {isa = PBXFileReference; fileEncoding = 4; lastKnownFileType = sourcecode.c.h; path = AFNetworking.h; sourceTree = "<group>"; };
		6449405C151AFAB200A64AA6 /* AFPropertyListRequestOperation.h */ = {isa = PBXFileReference; fileEncoding = 4; lastKnownFileType = sourcecode.c.h; path = AFPropertyListRequestOperation.h; sourceTree = "<group>"; };
		6449405D151AFAB200A64AA6 /* AFPropertyListRequestOperation.m */ = {isa = PBXFileReference; fileEncoding = 4; lastKnownFileType = sourcecode.c.objc; path = AFPropertyListRequestOperation.m; sourceTree = "<group>"; };
		6449405E151AFAB200A64AA6 /* AFURLConnectionOperation.h */ = {isa = PBXFileReference; fileEncoding = 4; lastKnownFileType = sourcecode.c.h; path = AFURLConnectionOperation.h; sourceTree = "<group>"; };
		6449405F151AFAB200A64AA6 /* AFURLConnectionOperation.m */ = {isa = PBXFileReference; fileEncoding = 4; lastKnownFileType = sourcecode.c.objc; path = AFURLConnectionOperation.m; sourceTree = "<group>"; };
		64494060151AFAB200A64AA6 /* AFXMLRequestOperation.h */ = {isa = PBXFileReference; fileEncoding = 4; lastKnownFileType = sourcecode.c.h; path = AFXMLRequestOperation.h; sourceTree = "<group>"; };
		64494061151AFAB200A64AA6 /* AFXMLRequestOperation.m */ = {isa = PBXFileReference; fileEncoding = 4; lastKnownFileType = sourcecode.c.objc; path = AFXMLRequestOperation.m; sourceTree = "<group>"; };
		64494062151AFAB200A64AA6 /* UIImageView+AFNetworking.h */ = {isa = PBXFileReference; fileEncoding = 4; lastKnownFileType = sourcecode.c.h; path = "UIImageView+AFNetworking.h"; sourceTree = "<group>"; };
		64494063151AFAB200A64AA6 /* UIImageView+AFNetworking.m */ = {isa = PBXFileReference; fileEncoding = 4; lastKnownFileType = sourcecode.c.objc; path = "UIImageView+AFNetworking.m"; sourceTree = "<group>"; };
		64494085151AFAB200A64AA6 /* LICENSE */ = {isa = PBXFileReference; fileEncoding = 4; lastKnownFileType = text; path = LICENSE; sourceTree = "<group>"; };
		644940A7151AFAB200A64AA6 /* CHANGELOG.md */ = {isa = PBXFileReference; fileEncoding = 4; lastKnownFileType = text; path = CHANGELOG.md; sourceTree = "<group>"; };
		644940A8151AFAB200A64AA6 /* JSONKit.h */ = {isa = PBXFileReference; fileEncoding = 4; lastKnownFileType = sourcecode.c.h; path = JSONKit.h; sourceTree = "<group>"; };
		644940A9151AFAB200A64AA6 /* JSONKit.m */ = {isa = PBXFileReference; fileEncoding = 4; lastKnownFileType = sourcecode.c.objc; path = JSONKit.m; sourceTree = "<group>"; };
		644940AA151AFAB200A64AA6 /* README.md */ = {isa = PBXFileReference; fileEncoding = 4; lastKnownFileType = text; path = README.md; sourceTree = "<group>"; };
		645EFD37151B1F2F00D50EDE /* Sensis_SAPI_GetByListingIdTests.h */ = {isa = PBXFileReference; fileEncoding = 4; lastKnownFileType = sourcecode.c.h; path = Sensis_SAPI_GetByListingIdTests.h; sourceTree = "<group>"; };
		645EFD38151B1F2F00D50EDE /* Sensis_SAPI_GetByListingIdTests.m */ = {isa = PBXFileReference; fileEncoding = 4; lastKnownFileType = sourcecode.c.objc; path = Sensis_SAPI_GetByListingIdTests.m; sourceTree = "<group>"; };
		645EFD3B151B20E800D50EDE /* SAPIGetByListingId.h */ = {isa = PBXFileReference; fileEncoding = 4; lastKnownFileType = sourcecode.c.h; path = SAPIGetByListingId.h; sourceTree = "<group>"; };
		645EFD3C151B20E800D50EDE /* SAPIGetByListingId.m */ = {isa = PBXFileReference; fileEncoding = 4; lastKnownFileType = sourcecode.c.objc; path = SAPIGetByListingId.m; sourceTree = "<group>"; };
		645EFD49151B28D800D50EDE /* SAPISearchResult.h */ = {isa = PBXFileReference; fileEncoding = 4; lastKnownFileType = sourcecode.c.h; path = SAPISearchResult.h; sourceTree = "<group>"; };
		645EFD4A151B28D800D50EDE /* SAPISearchResult.m */ = {isa = PBXFileReference; fileEncoding = 4; lastKnownFileType = sourcecode.c.objc; path = SAPISearchResult.m; sourceTree = "<group>"; };
		645EFD4C151B2DBB00D50EDE /* SAPIMetadata.h */ = {isa = PBXFileReference; fileEncoding = 4; lastKnownFileType = sourcecode.c.h; path = SAPIMetadata.h; sourceTree = "<group>"; };
		645EFD4D151B2DBB00D50EDE /* SAPIMetadata.m */ = {isa = PBXFileReference; fileEncoding = 4; lastKnownFileType = sourcecode.c.objc; path = SAPIMetadata.m; sourceTree = "<group>"; };
		645EFD51151B2E0500D50EDE /* README.md */ = {isa = PBXFileReference; fileEncoding = 4; lastKnownFileType = text; path = README.md; sourceTree = SOURCE_ROOT; };
		645EFD53151B2F4000D50EDE /* SAPIMetadataResult.h */ = {isa = PBXFileReference; fileEncoding = 4; lastKnownFileType = sourcecode.c.h; path = SAPIMetadataResult.h; sourceTree = "<group>"; };
		645EFD54151B2F4000D50EDE /* SAPIMetadataResult.m */ = {isa = PBXFileReference; fileEncoding = 4; lastKnownFileType = sourcecode.c.objc; path = SAPIMetadataResult.m; sourceTree = "<group>"; };
		645EFD56151B318A00D50EDE /* Sensis_SAPI_MetadataTests.h */ = {isa = PBXFileReference; fileEncoding = 4; lastKnownFileType = sourcecode.c.h; path = Sensis_SAPI_MetadataTests.h; sourceTree = "<group>"; };
		645EFD57151B318A00D50EDE /* Sensis_SAPI_MetadataTests.m */ = {isa = PBXFileReference; fileEncoding = 4; lastKnownFileType = sourcecode.c.objc; path = Sensis_SAPI_MetadataTests.m; sourceTree = "<group>"; };
		645EFD5A151B353000D50EDE /* SAPIReport.h */ = {isa = PBXFileReference; fileEncoding = 4; lastKnownFileType = sourcecode.c.h; path = SAPIReport.h; sourceTree = "<group>"; };
		645EFD5B151B353000D50EDE /* SAPIReport.m */ = {isa = PBXFileReference; fileEncoding = 4; lastKnownFileType = sourcecode.c.objc; path = SAPIReport.m; sourceTree = "<group>"; };
		645EFD5D151B354200D50EDE /* SAPIReportResult.h */ = {isa = PBXFileReference; fileEncoding = 4; lastKnownFileType = sourcecode.c.h; path = SAPIReportResult.h; sourceTree = "<group>"; };
		645EFD5E151B354200D50EDE /* SAPIReportResult.m */ = {isa = PBXFileReference; fileEncoding = 4; lastKnownFileType = sourcecode.c.objc; path = SAPIReportResult.m; sourceTree = "<group>"; };
		645EFD60151B3A4F00D50EDE /* Sensis_SAPI_ReportTests.h */ = {isa = PBXFileReference; fileEncoding = 4; lastKnownFileType = sourcecode.c.h; path = Sensis_SAPI_ReportTests.h; sourceTree = "<group>"; };
		645EFD61151B3A4F00D50EDE /* Sensis_SAPI_ReportTests.m */ = {isa = PBXFileReference; fileEncoding = 4; lastKnownFileType = sourcecode.c.objc; path = Sensis_SAPI_ReportTests.m; sourceTree = "<group>"; };
		645EFD7D151BEAD300D50EDE /* LICENSE.txt */ = {isa = PBXFileReference; fileEncoding = 4; lastKnownFileType = text; path = LICENSE.txt; sourceTree = "<group>"; };
		645EFD7E151BEAD300D50EDE /* README.textile */ = {isa = PBXFileReference; fileEncoding = 4; lastKnownFileType = text; path = README.textile; sourceTree = "<group>"; };
		645EFD80151BEAD300D50EDE /* SVProgressHUD.bundle */ = {isa = PBXFileReference; lastKnownFileType = "wrapper.plug-in"; path = SVProgressHUD.bundle; sourceTree = "<group>"; };
		645EFD81151BEAD300D50EDE /* SVProgressHUD.h */ = {isa = PBXFileReference; fileEncoding = 4; lastKnownFileType = sourcecode.c.h; path = SVProgressHUD.h; sourceTree = "<group>"; };
		645EFD82151BEAD300D50EDE /* SVProgressHUD.m */ = {isa = PBXFileReference; fileEncoding = 4; lastKnownFileType = sourcecode.c.objc; path = SVProgressHUD.m; sourceTree = "<group>"; };
		645EFD99151BEDA100D50EDE /* SAPISearchResultTableViewController.h */ = {isa = PBXFileReference; fileEncoding = 4; lastKnownFileType = sourcecode.c.h; path = SAPISearchResultTableViewController.h; sourceTree = "<group>"; };
		645EFD9A151BEDA100D50EDE /* SAPISearchResultTableViewController.m */ = {isa = PBXFileReference; fileEncoding = 4; lastKnownFileType = sourcecode.c.objc; path = SAPISearchResultTableViewController.m; sourceTree = "<group>"; };
		645EFD9B151BEDA100D50EDE /* SAPISearchResultTableViewController.xib */ = {isa = PBXFileReference; fileEncoding = 4; lastKnownFileType = file.xib; path = SAPISearchResultTableViewController.xib; sourceTree = "<group>"; };
		645EFD9E151BF37900D50EDE /* SAPISearchDetailListingViewController.h */ = {isa = PBXFileReference; fileEncoding = 4; lastKnownFileType = sourcecode.c.h; path = SAPISearchDetailListingViewController.h; sourceTree = "<group>"; };
		645EFD9F151BF37900D50EDE /* SAPISearchDetailListingViewController.m */ = {isa = PBXFileReference; fileEncoding = 4; lastKnownFileType = sourcecode.c.objc; path = SAPISearchDetailListingViewController.m; sourceTree = "<group>"; };
		645EFDA0151BF37900D50EDE /* SAPISearchDetailListingViewController.xib */ = {isa = PBXFileReference; fileEncoding = 4; lastKnownFileType = file.xib; path = SAPISearchDetailListingViewController.xib; sourceTree = "<group>"; };
		645EFDA3151BF91800D50EDE /* SAPIMetadataViewController.h */ = {isa = PBXFileReference; fileEncoding = 4; lastKnownFileType = sourcecode.c.h; path = SAPIMetadataViewController.h; sourceTree = "<group>"; };
		645EFDA4151BF91800D50EDE /* SAPIMetadataViewController.m */ = {isa = PBXFileReference; fileEncoding = 4; lastKnownFileType = sourcecode.c.objc; path = SAPIMetadataViewController.m; sourceTree = "<group>"; };
		645EFDA5151BF91800D50EDE /* SAPIMetadataViewController.xib */ = {isa = PBXFileReference; fileEncoding = 4; lastKnownFileType = file.xib; path = SAPIMetadataViewController.xib; sourceTree = "<group>"; };
		64A70DAF151ADF34005859E4 /* LICENSE */ = {isa = PBXFileReference; fileEncoding = 4; lastKnownFileType = text; path = LICENSE; sourceTree = "<group>"; };
		64A70DB2151AE042005859E4 /* LICENSE_ISO8601DateFormatter */ = {isa = PBXFileReference; fileEncoding = 4; lastKnownFileType = text; path = LICENSE_ISO8601DateFormatter; sourceTree = "<group>"; };
		64A70DB4151AE076005859E4 /* SAPIISO8601DateFormatter.h */ = {isa = PBXFileReference; fileEncoding = 4; lastKnownFileType = sourcecode.c.h; path = SAPIISO8601DateFormatter.h; sourceTree = "<group>"; };
		64A70DB5151AE076005859E4 /* SAPIISO8601DateFormatter.m */ = {isa = PBXFileReference; fileEncoding = 4; lastKnownFileType = sourcecode.c.objc; path = SAPIISO8601DateFormatter.m; sourceTree = "<group>"; };
		64AB0666151977F0009C66A8 /* Sensis SAPI.app */ = {isa = PBXFileReference; explicitFileType = wrapper.application; includeInIndex = 0; path = "Sensis SAPI.app"; sourceTree = BUILT_PRODUCTS_DIR; };
		64AB066A151977F0009C66A8 /* UIKit.framework */ = {isa = PBXFileReference; lastKnownFileType = wrapper.framework; name = UIKit.framework; path = System/Library/Frameworks/UIKit.framework; sourceTree = SDKROOT; };
		64AB066C151977F0009C66A8 /* Foundation.framework */ = {isa = PBXFileReference; lastKnownFileType = wrapper.framework; name = Foundation.framework; path = System/Library/Frameworks/Foundation.framework; sourceTree = SDKROOT; };
		64AB066E151977F0009C66A8 /* CoreGraphics.framework */ = {isa = PBXFileReference; lastKnownFileType = wrapper.framework; name = CoreGraphics.framework; path = System/Library/Frameworks/CoreGraphics.framework; sourceTree = SDKROOT; };
		64AB0672151977F0009C66A8 /* Sensis SAPI-Info.plist */ = {isa = PBXFileReference; lastKnownFileType = text.plist.xml; path = "Sensis SAPI-Info.plist"; sourceTree = "<group>"; };
		64AB0674151977F0009C66A8 /* en */ = {isa = PBXFileReference; lastKnownFileType = text.plist.strings; name = en; path = en.lproj/InfoPlist.strings; sourceTree = "<group>"; };
		64AB0676151977F0009C66A8 /* main.m */ = {isa = PBXFileReference; lastKnownFileType = sourcecode.c.objc; path = main.m; sourceTree = "<group>"; };
		64AB0678151977F0009C66A8 /* Sensis SAPI-Prefix.pch */ = {isa = PBXFileReference; lastKnownFileType = sourcecode.c.h; path = "Sensis SAPI-Prefix.pch"; sourceTree = "<group>"; };
		64AB0679151977F0009C66A8 /* SAPIAppDelegate.h */ = {isa = PBXFileReference; lastKnownFileType = sourcecode.c.h; path = SAPIAppDelegate.h; sourceTree = "<group>"; };
		64AB067A151977F0009C66A8 /* SAPIAppDelegate.m */ = {isa = PBXFileReference; lastKnownFileType = sourcecode.c.objc; path = SAPIAppDelegate.m; sourceTree = "<group>"; };
		64AB067C151977F0009C66A8 /* SAPIMasterViewController.h */ = {isa = PBXFileReference; lastKnownFileType = sourcecode.c.h; path = SAPIMasterViewController.h; sourceTree = "<group>"; };
		64AB067D151977F0009C66A8 /* SAPIMasterViewController.m */ = {isa = PBXFileReference; lastKnownFileType = sourcecode.c.objc; path = SAPIMasterViewController.m; sourceTree = "<group>"; };
		64AB0683151977F0009C66A8 /* en */ = {isa = PBXFileReference; lastKnownFileType = file.xib; name = en; path = en.lproj/SAPIMasterViewController.xib; sourceTree = "<group>"; };
		64AB068D151977F0009C66A8 /* Sensis SAPITests.octest */ = {isa = PBXFileReference; explicitFileType = wrapper.cfbundle; includeInIndex = 0; path = "Sensis SAPITests.octest"; sourceTree = BUILT_PRODUCTS_DIR; };
		64AB068E151977F0009C66A8 /* SenTestingKit.framework */ = {isa = PBXFileReference; lastKnownFileType = wrapper.framework; name = SenTestingKit.framework; path = Library/Frameworks/SenTestingKit.framework; sourceTree = DEVELOPER_DIR; };
		64AB0696151977F0009C66A8 /* Sensis SAPITests-Info.plist */ = {isa = PBXFileReference; lastKnownFileType = text.plist.xml; path = "Sensis SAPITests-Info.plist"; sourceTree = "<group>"; };
		64AB0698151977F0009C66A8 /* en */ = {isa = PBXFileReference; lastKnownFileType = text.plist.strings; name = en; path = en.lproj/InfoPlist.strings; sourceTree = "<group>"; };
		64AB069A151977F0009C66A8 /* Sensis_SAPI_SearchTests.h */ = {isa = PBXFileReference; lastKnownFileType = sourcecode.c.h; path = Sensis_SAPI_SearchTests.h; sourceTree = "<group>"; };
		64AB069B151977F0009C66A8 /* Sensis_SAPI_SearchTests.m */ = {isa = PBXFileReference; lastKnownFileType = sourcecode.c.objc; path = Sensis_SAPI_SearchTests.m; sourceTree = "<group>"; };
		64AB06AB15197B33009C66A8 /* SAPISearchViewController.h */ = {isa = PBXFileReference; fileEncoding = 4; lastKnownFileType = sourcecode.c.h; path = SAPISearchViewController.h; sourceTree = "<group>"; };
		64AB06AC15197B33009C66A8 /* SAPISearchViewController.m */ = {isa = PBXFileReference; fileEncoding = 4; lastKnownFileType = sourcecode.c.objc; path = SAPISearchViewController.m; sourceTree = "<group>"; };
		64AB06AD15197B33009C66A8 /* SAPISearchViewController.xib */ = {isa = PBXFileReference; fileEncoding = 4; lastKnownFileType = file.xib; path = SAPISearchViewController.xib; sourceTree = "<group>"; };
/* End PBXFileReference section */

/* Begin PBXFrameworksBuildPhase section */
		64AB0663151977F0009C66A8 /* Frameworks */ = {
			isa = PBXFrameworksBuildPhase;
			buildActionMask = 2147483647;
			files = (
				64AB066B151977F0009C66A8 /* UIKit.framework in Frameworks */,
				64AB066D151977F0009C66A8 /* Foundation.framework in Frameworks */,
				64AB066F151977F0009C66A8 /* CoreGraphics.framework in Frameworks */,
			);
			runOnlyForDeploymentPostprocessing = 0;
		};
		64AB0689151977F0009C66A8 /* Frameworks */ = {
			isa = PBXFrameworksBuildPhase;
			buildActionMask = 2147483647;
			files = (
				64AB068F151977F0009C66A8 /* SenTestingKit.framework in Frameworks */,
				64AB0690151977F0009C66A8 /* UIKit.framework in Frameworks */,
				64AB0691151977F0009C66A8 /* Foundation.framework in Frameworks */,
			);
			runOnlyForDeploymentPostprocessing = 0;
		};
/* End PBXFrameworksBuildPhase section */

/* Begin PBXGroup section */
		6408F51C151C394900895F43 /* Results & Errors */ = {
			isa = PBXGroup;
			children = (
				645EFD49151B28D800D50EDE /* SAPISearchResult.h */,
				645EFD4A151B28D800D50EDE /* SAPISearchResult.m */,
				645EFD53151B2F4000D50EDE /* SAPIMetadataResult.h */,
				645EFD54151B2F4000D50EDE /* SAPIMetadataResult.m */,
				645EFD5D151B354200D50EDE /* SAPIReportResult.h */,
				645EFD5E151B354200D50EDE /* SAPIReportResult.m */,
				64493DDA15197ED800A64AA6 /* SAPIError.h */,
				64493DDB15197ED800A64AA6 /* SAPIError.m */,
			);
			name = "Results & Errors";
			sourceTree = "<group>";
		};
		6449404C151AFAB200A64AA6 /* Externals */ = {
			isa = PBXGroup;
			children = (
				645EFD6B151BEAD300D50EDE /* SVProgressHUD */,
				6449404D151AFAB200A64AA6 /* AFNetworking */,
				644940A6151AFAB200A64AA6 /* JSONKit */,
			);
			path = Externals;
			sourceTree = "<group>";
		};
		6449404D151AFAB200A64AA6 /* AFNetworking */ = {
			isa = PBXGroup;
			children = (
				6449404E151AFAB200A64AA6 /* AFNetworking */,
				64494085151AFAB200A64AA6 /* LICENSE */,
			);
			path = AFNetworking;
			sourceTree = "<group>";
		};
		6449404E151AFAB200A64AA6 /* AFNetworking */ = {
			isa = PBXGroup;
			children = (
				6449404F151AFAB200A64AA6 /* AFHTTPClient.h */,
				64494050151AFAB200A64AA6 /* AFHTTPClient.m */,
				64494051151AFAB200A64AA6 /* AFHTTPRequestOperation.h */,
				64494052151AFAB200A64AA6 /* AFHTTPRequestOperation.m */,
				64494053151AFAB200A64AA6 /* AFImageRequestOperation.h */,
				64494054151AFAB200A64AA6 /* AFImageRequestOperation.m */,
				64494055151AFAB200A64AA6 /* AFJSONRequestOperation.h */,
				64494056151AFAB200A64AA6 /* AFJSONRequestOperation.m */,
				64494057151AFAB200A64AA6 /* AFJSONUtilities.h */,
				64494058151AFAB200A64AA6 /* AFJSONUtilities.m */,
				64494059151AFAB200A64AA6 /* AFNetworkActivityIndicatorManager.h */,
				6449405A151AFAB200A64AA6 /* AFNetworkActivityIndicatorManager.m */,
				6449405B151AFAB200A64AA6 /* AFNetworking.h */,
				6449405C151AFAB200A64AA6 /* AFPropertyListRequestOperation.h */,
				6449405D151AFAB200A64AA6 /* AFPropertyListRequestOperation.m */,
				6449405E151AFAB200A64AA6 /* AFURLConnectionOperation.h */,
				6449405F151AFAB200A64AA6 /* AFURLConnectionOperation.m */,
				64494060151AFAB200A64AA6 /* AFXMLRequestOperation.h */,
				64494061151AFAB200A64AA6 /* AFXMLRequestOperation.m */,
				64494062151AFAB200A64AA6 /* UIImageView+AFNetworking.h */,
				64494063151AFAB200A64AA6 /* UIImageView+AFNetworking.m */,
			);
			path = AFNetworking;
			sourceTree = "<group>";
		};
		644940A6151AFAB200A64AA6 /* JSONKit */ = {
			isa = PBXGroup;
			children = (
				644940A7151AFAB200A64AA6 /* CHANGELOG.md */,
				644940A8151AFAB200A64AA6 /* JSONKit.h */,
				644940A9151AFAB200A64AA6 /* JSONKit.m */,
				644940AA151AFAB200A64AA6 /* README.md */,
			);
			path = JSONKit;
			sourceTree = "<group>";
		};
		645EFD4F151B2DC100D50EDE /* Endoints */ = {
			isa = PBXGroup;
			children = (
				64493DE7151985F900A64AA6 /* SAPISearch.h */,
				64493DE8151985F900A64AA6 /* SAPISearch.m */,
				645EFD3B151B20E800D50EDE /* SAPIGetByListingId.h */,
				645EFD3C151B20E800D50EDE /* SAPIGetByListingId.m */,
				645EFD4C151B2DBB00D50EDE /* SAPIMetadata.h */,
				645EFD4D151B2DBB00D50EDE /* SAPIMetadata.m */,
				645EFD5A151B353000D50EDE /* SAPIReport.h */,
				645EFD5B151B353000D50EDE /* SAPIReport.m */,
			);
			name = Endoints;
			sourceTree = "<group>";
		};
		645EFD50151B2DDB00D50EDE /* Implementation */ = {
			isa = PBXGroup;
			children = (
				64493DE11519843A00A64AA6 /* SAPI.h */,
				64493DE21519843A00A64AA6 /* SAPI.m */,
				64493DE4151985E100A64AA6 /* SAPIEndpoint.h */,
				64493DE5151985E100A64AA6 /* SAPIEndpoint.m */,
				64493DEA1519871400A64AA6 /* SAPIResult.h */,
				64493DEB1519871400A64AA6 /* SAPIResult.m */,
				64494041151AAEDD00A64AA6 /* SAPIPrivate.h */,
				64A70DB2151AE042005859E4 /* LICENSE_ISO8601DateFormatter */,
				64A70DB4151AE076005859E4 /* SAPIISO8601DateFormatter.h */,
				64A70DB5151AE076005859E4 /* SAPIISO8601DateFormatter.m */,
			);
			name = Implementation;
			sourceTree = "<group>";
		};
		645EFD6B151BEAD300D50EDE /* SVProgressHUD */ = {
			isa = PBXGroup;
			children = (
				645EFD7D151BEAD300D50EDE /* LICENSE.txt */,
				645EFD7E151BEAD300D50EDE /* README.textile */,
				645EFD7F151BEAD300D50EDE /* SVProgressHUD */,
			);
			path = SVProgressHUD;
			sourceTree = "<group>";
		};
		645EFD7F151BEAD300D50EDE /* SVProgressHUD */ = {
			isa = PBXGroup;
			children = (
				645EFD80151BEAD300D50EDE /* SVProgressHUD.bundle */,
				645EFD81151BEAD300D50EDE /* SVProgressHUD.h */,
				645EFD82151BEAD300D50EDE /* SVProgressHUD.m */,
			);
			path = SVProgressHUD;
			sourceTree = "<group>";
		};
		64AB065B151977F0009C66A8 = {
			isa = PBXGroup;
			children = (
				645EFD51151B2E0500D50EDE /* README.md */,
				64A70DAF151ADF34005859E4 /* LICENSE */,
				64AB06A515197804009C66A8 /* Sensis SAPI */,
				64AB0670151977F0009C66A8 /* Test iPhone App */,
				64AB0694151977F0009C66A8 /* Sensis SAPITests */,
				64AB0669151977F0009C66A8 /* Frameworks */,
				64AB0667151977F0009C66A8 /* Products */,
			);
			sourceTree = "<group>";
		};
		64AB0667151977F0009C66A8 /* Products */ = {
			isa = PBXGroup;
			children = (
				64AB0666151977F0009C66A8 /* Sensis SAPI.app */,
				64AB068D151977F0009C66A8 /* Sensis SAPITests.octest */,
			);
			name = Products;
			sourceTree = "<group>";
		};
		64AB0669151977F0009C66A8 /* Frameworks */ = {
			isa = PBXGroup;
			children = (
				64AB066A151977F0009C66A8 /* UIKit.framework */,
				64AB066C151977F0009C66A8 /* Foundation.framework */,
				64AB066E151977F0009C66A8 /* CoreGraphics.framework */,
				64AB068E151977F0009C66A8 /* SenTestingKit.framework */,
			);
			name = Frameworks;
			sourceTree = "<group>";
		};
		64AB0670151977F0009C66A8 /* Test iPhone App */ = {
			isa = PBXGroup;
			children = (
				644940381519A07D00A64AA6 /* SAPITestAccountKey.h */,
				6449404C151AFAB200A64AA6 /* Externals */,
				64AB0679151977F0009C66A8 /* SAPIAppDelegate.h */,
				64AB067A151977F0009C66A8 /* SAPIAppDelegate.m */,
				64AB0671151977F0009C66A8 /* Supporting Files */,
				64AB067C151977F0009C66A8 /* SAPIMasterViewController.h */,
				64AB067D151977F0009C66A8 /* SAPIMasterViewController.m */,
				64AB0682151977F0009C66A8 /* SAPIMasterViewController.xib */,
				64AB06AB15197B33009C66A8 /* SAPISearchViewController.h */,
				64AB06AC15197B33009C66A8 /* SAPISearchViewController.m */,
				64AB06AD15197B33009C66A8 /* SAPISearchViewController.xib */,
				645EFD99151BEDA100D50EDE /* SAPISearchResultTableViewController.h */,
				645EFD9A151BEDA100D50EDE /* SAPISearchResultTableViewController.m */,
				645EFD9B151BEDA100D50EDE /* SAPISearchResultTableViewController.xib */,
				645EFD9E151BF37900D50EDE /* SAPISearchDetailListingViewController.h */,
				645EFD9F151BF37900D50EDE /* SAPISearchDetailListingViewController.m */,
				645EFDA0151BF37900D50EDE /* SAPISearchDetailListingViewController.xib */,
				645EFDA3151BF91800D50EDE /* SAPIMetadataViewController.h */,
				645EFDA4151BF91800D50EDE /* SAPIMetadataViewController.m */,
				645EFDA5151BF91800D50EDE /* SAPIMetadataViewController.xib */,
			);
			path = "Test iPhone App";
			sourceTree = "<group>";
		};
		64AB0671151977F0009C66A8 /* Supporting Files */ = {
			isa = PBXGroup;
			children = (
				64AB0672151977F0009C66A8 /* Sensis SAPI-Info.plist */,
				64AB0673151977F0009C66A8 /* InfoPlist.strings */,
				64AB0676151977F0009C66A8 /* main.m */,
				64AB0678151977F0009C66A8 /* Sensis SAPI-Prefix.pch */,
			);
			name = "Supporting Files";
			sourceTree = "<group>";
		};
		64AB0694151977F0009C66A8 /* Sensis SAPITests */ = {
			isa = PBXGroup;
			children = (
				64AB069A151977F0009C66A8 /* Sensis_SAPI_SearchTests.h */,
				64AB069B151977F0009C66A8 /* Sensis_SAPI_SearchTests.m */,
				645EFD37151B1F2F00D50EDE /* Sensis_SAPI_GetByListingIdTests.h */,
				645EFD38151B1F2F00D50EDE /* Sensis_SAPI_GetByListingIdTests.m */,
				645EFD56151B318A00D50EDE /* Sensis_SAPI_MetadataTests.h */,
				645EFD57151B318A00D50EDE /* Sensis_SAPI_MetadataTests.m */,
				645EFD60151B3A4F00D50EDE /* Sensis_SAPI_ReportTests.h */,
				645EFD61151B3A4F00D50EDE /* Sensis_SAPI_ReportTests.m */,
				64AB0695151977F0009C66A8 /* Supporting Files */,
			);
			path = "Sensis SAPITests";
			sourceTree = "<group>";
		};
		64AB0695151977F0009C66A8 /* Supporting Files */ = {
			isa = PBXGroup;
			children = (
				64AB0696151977F0009C66A8 /* Sensis SAPITests-Info.plist */,
				64AB0697151977F0009C66A8 /* InfoPlist.strings */,
			);
			name = "Supporting Files";
			sourceTree = "<group>";
		};
		64AB06A515197804009C66A8 /* Sensis SAPI */ = {
			isa = PBXGroup;
			children = (
				645EFD4F151B2DC100D50EDE /* Endoints */,
				6408F51C151C394900895F43 /* Results & Errors */,
				645EFD50151B2DDB00D50EDE /* Implementation */,
			);
			path = "Sensis SAPI";
			sourceTree = "<group>";
		};
/* End PBXGroup section */

/* Begin PBXNativeTarget section */
		64AB0665151977F0009C66A8 /* Sensis SAPI */ = {
			isa = PBXNativeTarget;
			buildConfigurationList = 64AB069F151977F0009C66A8 /* Build configuration list for PBXNativeTarget "Sensis SAPI" */;
			buildPhases = (
				64AB0662151977F0009C66A8 /* Sources */,
				64AB0663151977F0009C66A8 /* Frameworks */,
				64AB0664151977F0009C66A8 /* Resources */,
			);
			buildRules = (
			);
			dependencies = (
			);
			name = "Sensis SAPI";
			productName = "Sensis SAPI";
			productReference = 64AB0666151977F0009C66A8 /* Sensis SAPI.app */;
			productType = "com.apple.product-type.application";
		};
		64AB068C151977F0009C66A8 /* Sensis SAPITests */ = {
			isa = PBXNativeTarget;
			buildConfigurationList = 64AB06A2151977F0009C66A8 /* Build configuration list for PBXNativeTarget "Sensis SAPITests" */;
			buildPhases = (
				64AB0688151977F0009C66A8 /* Sources */,
				64AB0689151977F0009C66A8 /* Frameworks */,
				64AB068A151977F0009C66A8 /* Resources */,
				64AB068B151977F0009C66A8 /* ShellScript */,
			);
			buildRules = (
			);
			dependencies = (
				64AB0693151977F0009C66A8 /* PBXTargetDependency */,
			);
			name = "Sensis SAPITests";
			productName = "Sensis SAPITests";
			productReference = 64AB068D151977F0009C66A8 /* Sensis SAPITests.octest */;
			productType = "com.apple.product-type.bundle";
		};
/* End PBXNativeTarget section */

/* Begin PBXProject section */
		64AB065D151977F0009C66A8 /* Project object */ = {
			isa = PBXProject;
			attributes = {
				LastUpgradeCheck = 0420;
				ORGANIZATIONNAME = "Pumptheory Pty Ltd";
			};
			buildConfigurationList = 64AB0660151977F0009C66A8 /* Build configuration list for PBXProject "Sensis SAPI" */;
			compatibilityVersion = "Xcode 3.2";
			developmentRegion = English;
			hasScannedForEncodings = 0;
			knownRegions = (
				en,
			);
			mainGroup = 64AB065B151977F0009C66A8;
			productRefGroup = 64AB0667151977F0009C66A8 /* Products */;
			projectDirPath = "";
			projectRoot = "";
			targets = (
				64AB0665151977F0009C66A8 /* Sensis SAPI */,
				64AB068C151977F0009C66A8 /* Sensis SAPITests */,
			);
		};
/* End PBXProject section */

/* Begin PBXResourcesBuildPhase section */
		64AB0664151977F0009C66A8 /* Resources */ = {
			isa = PBXResourcesBuildPhase;
			buildActionMask = 2147483647;
			files = (
				64AB0675151977F0009C66A8 /* InfoPlist.strings in Resources */,
				64AB0684151977F0009C66A8 /* SAPIMasterViewController.xib in Resources */,
				64AB06AF15197B33009C66A8 /* SAPISearchViewController.xib in Resources */,
				645EFD90151BEAD300D50EDE /* LICENSE.txt in Resources */,
				645EFD91151BEAD300D50EDE /* README.textile in Resources */,
				645EFD92151BEAD300D50EDE /* SVProgressHUD.bundle in Resources */,
				645EFD9D151BEDA100D50EDE /* SAPISearchResultTableViewController.xib in Resources */,
				645EFDA2151BF37900D50EDE /* SAPISearchDetailListingViewController.xib in Resources */,
				645EFDA7151BF91800D50EDE /* SAPIMetadataViewController.xib in Resources */,
			);
			runOnlyForDeploymentPostprocessing = 0;
		};
		64AB068A151977F0009C66A8 /* Resources */ = {
			isa = PBXResourcesBuildPhase;
			buildActionMask = 2147483647;
			files = (
				64AB0699151977F0009C66A8 /* InfoPlist.strings in Resources */,
			);
			runOnlyForDeploymentPostprocessing = 0;
		};
/* End PBXResourcesBuildPhase section */

/* Begin PBXShellScriptBuildPhase section */
		64AB068B151977F0009C66A8 /* ShellScript */ = {
			isa = PBXShellScriptBuildPhase;
			buildActionMask = 2147483647;
			files = (
			);
			inputPaths = (
			);
			outputPaths = (
			);
			runOnlyForDeploymentPostprocessing = 0;
			shellPath = /bin/sh;
			shellScript = "# Run the unit tests in this test bundle.\n\"${SYSTEM_DEVELOPER_DIR}/Tools/RunUnitTests\"\n";
		};
/* End PBXShellScriptBuildPhase section */

/* Begin PBXSourcesBuildPhase section */
		64AB0662151977F0009C66A8 /* Sources */ = {
			isa = PBXSourcesBuildPhase;
			buildActionMask = 2147483647;
			files = (
				64AB0677151977F0009C66A8 /* main.m in Sources */,
				64AB067B151977F0009C66A8 /* SAPIAppDelegate.m in Sources */,
				64AB067E151977F0009C66A8 /* SAPIMasterViewController.m in Sources */,
				64AB06AE15197B33009C66A8 /* SAPISearchViewController.m in Sources */,
				64493DDC15197ED800A64AA6 /* SAPIError.m in Sources */,
				64493DE31519843A00A64AA6 /* SAPI.m in Sources */,
				64493DE6151985E100A64AA6 /* SAPIEndpoint.m in Sources */,
				64493DE9151985F900A64AA6 /* SAPISearch.m in Sources */,
				64493DEC1519871400A64AA6 /* SAPIResult.m in Sources */,
				64A70DB6151AE076005859E4 /* SAPIISO8601DateFormatter.m in Sources */,
				644940AB151AFAB200A64AA6 /* AFHTTPClient.m in Sources */,
				644940AC151AFAB200A64AA6 /* AFHTTPRequestOperation.m in Sources */,
				644940AD151AFAB200A64AA6 /* AFImageRequestOperation.m in Sources */,
				644940AE151AFAB200A64AA6 /* AFJSONRequestOperation.m in Sources */,
				644940AF151AFAB200A64AA6 /* AFJSONUtilities.m in Sources */,
				644940B0151AFAB200A64AA6 /* AFNetworkActivityIndicatorManager.m in Sources */,
				644940B1151AFAB200A64AA6 /* AFPropertyListRequestOperation.m in Sources */,
				644940B2151AFAB200A64AA6 /* AFURLConnectionOperation.m in Sources */,
				644940B3151AFAB200A64AA6 /* AFXMLRequestOperation.m in Sources */,
				644940B4151AFAB200A64AA6 /* UIImageView+AFNetworking.m in Sources */,
				644940D4151AFAB200A64AA6 /* JSONKit.m in Sources */,
				645EFD3D151B20E800D50EDE /* SAPIGetByListingId.m in Sources */,
				645EFD4B151B28D800D50EDE /* SAPISearchResult.m in Sources */,
				645EFD4E151B2DBB00D50EDE /* SAPIMetadata.m in Sources */,
				645EFD55151B2F4000D50EDE /* SAPIMetadataResult.m in Sources */,
				645EFD5C151B353000D50EDE /* SAPIReport.m in Sources */,
				645EFD5F151B354200D50EDE /* SAPIReportResult.m in Sources */,
				645EFD93151BEAD300D50EDE /* SVProgressHUD.m in Sources */,
				645EFD9C151BEDA100D50EDE /* SAPISearchResultTableViewController.m in Sources */,
				645EFDA1151BF37900D50EDE /* SAPISearchDetailListingViewController.m in Sources */,
				645EFDA6151BF91800D50EDE /* SAPIMetadataViewController.m in Sources */,
			);
			runOnlyForDeploymentPostprocessing = 0;
		};
		64AB0688151977F0009C66A8 /* Sources */ = {
			isa = PBXSourcesBuildPhase;
			buildActionMask = 2147483647;
			files = (
				64AB069C151977F0009C66A8 /* Sensis_SAPI_SearchTests.m in Sources */,
				64A70DB7151AE076005859E4 /* SAPIISO8601DateFormatter.m in Sources */,
				645EFD3A151B1F4900D50EDE /* Sensis_SAPI_GetByListingIdTests.m in Sources */,
				645EFD59151B32CA00D50EDE /* Sensis_SAPI_MetadataTests.m in Sources */,
				645EFD63151B3ABD00D50EDE /* Sensis_SAPI_ReportTests.m in Sources */,
			);
			runOnlyForDeploymentPostprocessing = 0;
		};
/* End PBXSourcesBuildPhase section */

/* Begin PBXTargetDependency section */
		64AB0693151977F0009C66A8 /* PBXTargetDependency */ = {
			isa = PBXTargetDependency;
			target = 64AB0665151977F0009C66A8 /* Sensis SAPI */;
			targetProxy = 64AB0692151977F0009C66A8 /* PBXContainerItemProxy */;
		};
/* End PBXTargetDependency section */

/* Begin PBXVariantGroup section */
		64AB0673151977F0009C66A8 /* InfoPlist.strings */ = {
			isa = PBXVariantGroup;
			children = (
				64AB0674151977F0009C66A8 /* en */,
			);
			name = InfoPlist.strings;
			sourceTree = "<group>";
		};
		64AB0682151977F0009C66A8 /* SAPIMasterViewController.xib */ = {
			isa = PBXVariantGroup;
			children = (
				64AB0683151977F0009C66A8 /* en */,
			);
			name = SAPIMasterViewController.xib;
			sourceTree = "<group>";
		};
		64AB0697151977F0009C66A8 /* InfoPlist.strings */ = {
			isa = PBXVariantGroup;
			children = (
				64AB0698151977F0009C66A8 /* en */,
			);
			name = InfoPlist.strings;
			sourceTree = "<group>";
		};
/* End PBXVariantGroup section */

/* Begin XCBuildConfiguration section */
		64AB069D151977F0009C66A8 /* Debug */ = {
			isa = XCBuildConfiguration;
			buildSettings = {
				ALWAYS_SEARCH_USER_PATHS = NO;
				ARCHS = "$(ARCHS_STANDARD_32_BIT)";
				"CODE_SIGN_IDENTITY[sdk=iphoneos*]" = "iPhone Developer";
				COPY_PHASE_STRIP = NO;
				GCC_C_LANGUAGE_STANDARD = gnu99;
				GCC_DYNAMIC_NO_PIC = NO;
				GCC_OPTIMIZATION_LEVEL = 0;
				GCC_PREPROCESSOR_DEFINITIONS = (
					"DEBUG=1",
					"$(inherited)",
				);
				GCC_SYMBOLS_PRIVATE_EXTERN = NO;
				GCC_VERSION = com.apple.compilers.llvm.clang.1_0;
				GCC_WARN_ABOUT_MISSING_PROTOTYPES = YES;
				GCC_WARN_ABOUT_RETURN_TYPE = YES;
				GCC_WARN_UNUSED_VARIABLE = YES;
				IPHONEOS_DEPLOYMENT_TARGET = 4.0;
				SDKROOT = iphoneos;
			};
			name = Debug;
		};
		64AB069E151977F0009C66A8 /* Release */ = {
			isa = XCBuildConfiguration;
			buildSettings = {
				ALWAYS_SEARCH_USER_PATHS = NO;
				ARCHS = "$(ARCHS_STANDARD_32_BIT)";
				"CODE_SIGN_IDENTITY[sdk=iphoneos*]" = "iPhone Developer";
				COPY_PHASE_STRIP = YES;
				GCC_C_LANGUAGE_STANDARD = gnu99;
				GCC_VERSION = com.apple.compilers.llvm.clang.1_0;
				GCC_WARN_ABOUT_MISSING_PROTOTYPES = YES;
				GCC_WARN_ABOUT_RETURN_TYPE = YES;
				GCC_WARN_UNUSED_VARIABLE = YES;
				IPHONEOS_DEPLOYMENT_TARGET = 4.0;
				OTHER_CFLAGS = "-DNS_BLOCK_ASSERTIONS=1";
				SDKROOT = iphoneos;
				VALIDATE_PRODUCT = YES;
			};
			name = Release;
		};
		64AB06A0151977F0009C66A8 /* Debug */ = {
			isa = XCBuildConfiguration;
			buildSettings = {
				GCC_PRECOMPILE_PREFIX_HEADER = YES;
				GCC_PREFIX_HEADER = "Test iPhone App/Sensis SAPI-Prefix.pch";
				INFOPLIST_FILE = "Test iPhone App/Sensis SAPI-Info.plist";
				PRODUCT_NAME = "$(TARGET_NAME)";
				WRAPPER_EXTENSION = app;
			};
			name = Debug;
		};
		64AB06A1151977F0009C66A8 /* Release */ = {
			isa = XCBuildConfiguration;
			buildSettings = {
				GCC_PRECOMPILE_PREFIX_HEADER = YES;
				GCC_PREFIX_HEADER = "Test iPhone App/Sensis SAPI-Prefix.pch";
				INFOPLIST_FILE = "Test iPhone App/Sensis SAPI-Info.plist";
				PRODUCT_NAME = "$(TARGET_NAME)";
				WRAPPER_EXTENSION = app;
			};
			name = Release;
		};
		64AB06A3151977F0009C66A8 /* Debug */ = {
			isa = XCBuildConfiguration;
			buildSettings = {
				BUNDLE_LOADER = "$(BUILT_PRODUCTS_DIR)/Sensis SAPI.app/Sensis SAPI";
				FRAMEWORK_SEARCH_PATHS = (
					"$(SDKROOT)/Developer/Library/Frameworks",
					"$(DEVELOPER_LIBRARY_DIR)/Frameworks",
				);
				GCC_PRECOMPILE_PREFIX_HEADER = YES;
				GCC_PREFIX_HEADER = "Test iPhone App/Sensis SAPI-Prefix.pch";
				INFOPLIST_FILE = "Sensis SAPITests/Sensis SAPITests-Info.plist";
				PRODUCT_NAME = "$(TARGET_NAME)";
				TEST_HOST = "$(BUNDLE_LOADER)";
				WRAPPER_EXTENSION = octest;
			};
			name = Debug;
		};
		64AB06A4151977F0009C66A8 /* Release */ = {
			isa = XCBuildConfiguration;
			buildSettings = {
				BUNDLE_LOADER = "$(BUILT_PRODUCTS_DIR)/Sensis SAPI.app/Sensis SAPI";
				FRAMEWORK_SEARCH_PATHS = (
					"$(SDKROOT)/Developer/Library/Frameworks",
					"$(DEVELOPER_LIBRARY_DIR)/Frameworks",
				);
				GCC_PRECOMPILE_PREFIX_HEADER = YES;
				GCC_PREFIX_HEADER = "Test iPhone App/Sensis SAPI-Prefix.pch";
				INFOPLIST_FILE = "Sensis SAPITests/Sensis SAPITests-Info.plist";
				PRODUCT_NAME = "$(TARGET_NAME)";
				TEST_HOST = "$(BUNDLE_LOADER)";
				WRAPPER_EXTENSION = octest;
			};
			name = Release;
		};
/* End XCBuildConfiguration section */

/* Begin XCConfigurationList section */
		64AB0660151977F0009C66A8 /* Build configuration list for PBXProject "Sensis SAPI" */ = {
			isa = XCConfigurationList;
			buildConfigurations = (
				64AB069D151977F0009C66A8 /* Debug */,
				64AB069E151977F0009C66A8 /* Release */,
			);
			defaultConfigurationIsVisible = 0;
			defaultConfigurationName = Release;
		};
		64AB069F151977F0009C66A8 /* Build configuration list for PBXNativeTarget "Sensis SAPI" */ = {
			isa = XCConfigurationList;
			buildConfigurations = (
				64AB06A0151977F0009C66A8 /* Debug */,
				64AB06A1151977F0009C66A8 /* Release */,
			);
			defaultConfigurationIsVisible = 0;
			defaultConfigurationName = Release;
		};
		64AB06A2151977F0009C66A8 /* Build configuration list for PBXNativeTarget "Sensis SAPITests" */ = {
			isa = XCConfigurationList;
			buildConfigurations = (
				64AB06A3151977F0009C66A8 /* Debug */,
				64AB06A4151977F0009C66A8 /* Release */,
			);
			defaultConfigurationIsVisible = 0;
			defaultConfigurationName = Release;
		};
/* End XCConfigurationList section */
	};
	rootObject = 64AB065D151977F0009C66A8 /* Project object */;
}
